{
	"name": "com.esotericsoftware.spine.spine-csharp",
	"version": "4.2.34",
	"lockfileVersion": 3,
	"requires": true,
	"packages": {
		"": {
			"name": "com.esotericsoftware.spine.spine-csharp",
			"version": "4.2.34",
			"license": "SEE LICENSE IN LICENSE",
			"dependencies": {
				"com.esotericsoftware.spine.spine-csharp": "file:"
			}
		},
		"node_modules/com.esotericsoftware.spine.spine-csharp": {
			"resolved": "",
			"link": true
		}
	}
}
